{
  "name": "citavi-corrector",
  "version": "1.0.0",
  "lockfileVersion": 1,
  "requires": true,
  "dependencies": {
    "@orcid/bibtex-parse-js": {
      "version": "0.0.25",
      "resolved": "https://registry.npmjs.org/@orcid/bibtex-parse-js/-/bibtex-parse-js-0.0.25.tgz",
      "integrity": "sha512-n6VuG5/WjiifC1DoUzq0sUCWNSbAyRZznBgvPcY4jVZ/2eJiMv2tNUAt2NukbnFExOUa0RyTOFsqhH2MGpiLgQ=="
    }
  }
}
